
Microsoft Visual Studio Solution File, Format Version 12.00
# Visual Studio 15
VisualStudioVersion = 15.0.26730.16
MinimumVisualStudioVersion = 10.0.40219.1
Project("{FAE04EC0-301F-11D3-BF4B-00C04F79EFBC}") = "BeamLab.DnsLookupAPI", "BeamLab.DnsLookupAPI\BeamLab.DnsLookupAPI.csproj", "{2AB4164F-2919-4C63-A19C-24A4642C734F}"
EndProject
Global
	GlobalSection(SolutionConfigurationPlatforms) = preSolution
		Debug|Any CPU = Debug|Any CPU
		Release|Any CPU = Release|Any CPU
	EndGlobalSection
	GlobalSection(ProjectConfigurationPlatforms) = postSolution
		{2AB4164F-2919-4C63-A19C-24A4642C734F}.Debug|Any CPU.ActiveCfg = Debug|Any CPU
		{2AB4164F-2919-4C63-A19C-24A4642C734F}.Debug|Any CPU.Build.0 = Debug|Any CPU
		{2AB4164F-2919-4C63-A19C-24A4642C734F}.Release|Any CPU.ActiveCfg = Release|Any CPU
		{2AB4164F-2919-4C63-A19C-24A4642C734F}.Release|Any CPU.Build.0 = Release|Any CPU
	EndGlobalSection
	GlobalSection(SolutionProperties) = preSolution
		HideSolutionNode = FALSE
	EndGlobalSection
	GlobalSection(ExtensibilityGlobals) = postSolution
		SolutionGuid = {60A63252-A735-4CDF-8A51-F580D6769A25}
	EndGlobalSection
EndGlobal
